// !$*UTF8*$!
{
	archiveVersion = 1;
	classes = {
	};
	objectVersion = 51;
	objects = {

/* Begin PBXBuildFile section */
		59C3AF1360326FBB0A48C36D /* Pods_Reciplease.framework in Frameworks */ = {isa = PBXBuildFile; fileRef = F1A20F978440D5F602274163 /* Pods_Reciplease.framework */; };
		860A8E002686557E00D624E1 /* FakeCoreDataStack.swift in Sources */ = {isa = PBXBuildFile; fileRef = 860A8DFF2686557E00D624E1 /* FakeCoreDataStack.swift */; };
		860A8E022686562400D624E1 /* CoreDataTests.swift in Sources */ = {isa = PBXBuildFile; fileRef = 860A8E012686562400D624E1 /* CoreDataTests.swift */; };
		860A8E062686599400D624E1 /* FakeRecipeData.swift in Sources */ = {isa = PBXBuildFile; fileRef = 860A8E052686599400D624E1 /* FakeRecipeData.swift */; };
		8629C81826592783006669A1 /* AppDelegate.swift in Sources */ = {isa = PBXBuildFile; fileRef = 8629C81726592783006669A1 /* AppDelegate.swift */; };
		8629C81C26592783006669A1 /* SearchVC.swift in Sources */ = {isa = PBXBuildFile; fileRef = 8629C81B26592783006669A1 /* SearchVC.swift */; };
		8629C82426592787006669A1 /* Assets.xcassets in Resources */ = {isa = PBXBuildFile; fileRef = 8629C82326592787006669A1 /* Assets.xcassets */; };
		8629C82726592787006669A1 /* LaunchScreen.storyboard in Resources */ = {isa = PBXBuildFile; fileRef = 8629C82526592787006669A1 /* LaunchScreen.storyboard */; };
		8629C83326596D5A006669A1 /* Enumerations.swift in Sources */ = {isa = PBXBuildFile; fileRef = 8629C83226596D5A006669A1 /* Enumerations.swift */; };
		8629C83626598172006669A1 /* EmptyStateVC.swift in Sources */ = {isa = PBXBuildFile; fileRef = 8629C83526598172006669A1 /* EmptyStateVC.swift */; };
		8651C596265A8EB7008EE7FE /* BackgroundImage.swift in Sources */ = {isa = PBXBuildFile; fileRef = 8651C595265A8EB7008EE7FE /* BackgroundImage.swift */; };
		8651C598265A9D04008EE7FE /* RecipeCell.swift in Sources */ = {isa = PBXBuildFile; fileRef = 8651C597265A9D04008EE7FE /* RecipeCell.swift */; };
		8651C5A0265A9F4C008EE7FE /* TabBarController.swift in Sources */ = {isa = PBXBuildFile; fileRef = 8651C59F265A9F4C008EE7FE /* TabBarController.swift */; };
		8651C5A2265AA1BA008EE7FE /* TableViewController.swift in Sources */ = {isa = PBXBuildFile; fileRef = 8651C5A1265AA1BA008EE7FE /* TableViewController.swift */; };
		8651C5A4265ABF6E008EE7FE /* InfoView.swift in Sources */ = {isa = PBXBuildFile; fileRef = 8651C5A3265ABF6E008EE7FE /* InfoView.swift */; };
		8651C5A6265ABF9D008EE7FE /* DetailsInfoView.swift in Sources */ = {isa = PBXBuildFile; fileRef = 8651C5A5265ABF9D008EE7FE /* DetailsInfoView.swift */; };
		86596EAB265F9761005A272F /* RecipeDetailsVC.swift in Sources */ = {isa = PBXBuildFile; fileRef = 86596EAA265F9761005A272F /* RecipeDetailsVC.swift */; };
		86596EAD265F97C3005A272F /* RecipeDetailsImageView.swift in Sources */ = {isa = PBXBuildFile; fileRef = 86596EAC265F97C3005A272F /* RecipeDetailsImageView.swift */; };
		8663149C268652BD00862376 /* Recipe.swift in Sources */ = {isa = PBXBuildFile; fileRef = 8663149B268652BD00862376 /* Recipe.swift */; };
		8663149E268652CC00862376 /* CoreDataStack.swift in Sources */ = {isa = PBXBuildFile; fileRef = 8663149D268652CC00862376 /* CoreDataStack.swift */; };
		866314A02686532900862376 /* Ingredients.swift in Sources */ = {isa = PBXBuildFile; fileRef = 8663149F2686532900862376 /* Ingredients.swift */; };
		8665844B26849F0300A97EC9 /* FakeRecipe.json in Resources */ = {isa = PBXBuildFile; fileRef = 8665844A26849F0300A97EC9 /* FakeRecipe.json */; };
		868E534B265BA99E000C9402 /* Icon.swift in Sources */ = {isa = PBXBuildFile; fileRef = 868E534A265BA99E000C9402 /* Icon.swift */; };
		86A48E6B265FD07100D584FA /* FavoritesVC.swift in Sources */ = {isa = PBXBuildFile; fileRef = 86A48E6A265FD07100D584FA /* FavoritesVC.swift */; };
		86A48E70265FE91900D584FA /* SearchVC+Ext.swift in Sources */ = {isa = PBXBuildFile; fileRef = 86A48E6F265FE91900D584FA /* SearchVC+Ext.swift */; };
		86A7974F266A7B9700B1E9BB /* UIViewController+Ext.swift in Sources */ = {isa = PBXBuildFile; fileRef = 86A7974E266A7B9700B1E9BB /* UIViewController+Ext.swift */; };
		86A79751266A7BA700B1E9BB /* AlertVC.swift in Sources */ = {isa = PBXBuildFile; fileRef = 86A79750266A7BA700B1E9BB /* AlertVC.swift */; };
		86A79753266A7FC300B1E9BB /* Double+Ext.swift in Sources */ = {isa = PBXBuildFile; fileRef = 86A79752266A7FC300B1E9BB /* Double+Ext.swift */; };
		86E48F2A268720160013ACF6 /* AlamofireServiceTests.swift in Sources */ = {isa = PBXBuildFile; fileRef = 86E48F29268720160013ACF6 /* AlamofireServiceTests.swift */; };
		86E48F2C268721A00013ACF6 /* AlamofireService.swift in Sources */ = {isa = PBXBuildFile; fileRef = 86E48F2B268721A00013ACF6 /* AlamofireService.swift */; };
		86E48F302687226C0013ACF6 /* FakeAlamofireService.swift in Sources */ = {isa = PBXBuildFile; fileRef = 86E48F2F2687226C0013ACF6 /* FakeAlamofireService.swift */; };
		86EB44E82661651F006C0BE2 /* RecipeService.swift in Sources */ = {isa = PBXBuildFile; fileRef = 86EB44E72661651F006C0BE2 /* RecipeService.swift */; };
		86EDDC7C265A7FC2004A8A03 /* Button.swift in Sources */ = {isa = PBXBuildFile; fileRef = 86EDDC7B265A7FC2004A8A03 /* Button.swift */; };
		86EDDC7E265A82B3004A8A03 /* Label.swift in Sources */ = {isa = PBXBuildFile; fileRef = 86EDDC7D265A82B3004A8A03 /* Label.swift */; };
		86EDDC80265A8475004A8A03 /* IngredientsTextField.swift in Sources */ = {isa = PBXBuildFile; fileRef = 86EDDC7F265A8475004A8A03 /* IngredientsTextField.swift */; };
		86EDDC86265A8A89004A8A03 /* TextView.swift in Sources */ = {isa = PBXBuildFile; fileRef = 86EDDC85265A8A89004A8A03 /* TextView.swift */; };
		86F1378E2673557E00C5B345 /* Reciplease.xcdatamodeld in Sources */ = {isa = PBXBuildFile; fileRef = 86F1378C2673557E00C5B345 /* Reciplease.xcdatamodeld */; };
		86FEE1AA267275F600B67438 /* Error.swift in Sources */ = {isa = PBXBuildFile; fileRef = 86FEE1A9267275F600B67438 /* Error.swift */; };
/* End PBXBuildFile section */

/* Begin PBXContainerItemProxy section */
		86DE494326751060005EF8C2 /* PBXContainerItemProxy */ = {
			isa = PBXContainerItemProxy;
			containerPortal = 8629C80C26592783006669A1 /* Project object */;
			proxyType = 1;
			remoteGlobalIDString = 8629C81326592783006669A1;
			remoteInfo = Reciplease;
		};
/* End PBXContainerItemProxy section */

/* Begin PBXFileReference section */
		22E48F98C80BECAC1354E19C /* Pods-Reciplease.debug.xcconfig */ = {isa = PBXFileReference; includeInIndex = 1; lastKnownFileType = text.xcconfig; name = "Pods-Reciplease.debug.xcconfig"; path = "Target Support Files/Pods-Reciplease/Pods-Reciplease.debug.xcconfig"; sourceTree = "<group>"; };
		860A8DFF2686557E00D624E1 /* FakeCoreDataStack.swift */ = {isa = PBXFileReference; lastKnownFileType = sourcecode.swift; path = FakeCoreDataStack.swift; sourceTree = "<group>"; };
		860A8E012686562400D624E1 /* CoreDataTests.swift */ = {isa = PBXFileReference; lastKnownFileType = sourcecode.swift; path = CoreDataTests.swift; sourceTree = "<group>"; };
		860A8E052686599400D624E1 /* FakeRecipeData.swift */ = {isa = PBXFileReference; lastKnownFileType = sourcecode.swift; path = FakeRecipeData.swift; sourceTree = "<group>"; };
		8629C81426592783006669A1 /* Reciplease.app */ = {isa = PBXFileReference; explicitFileType = wrapper.application; includeInIndex = 0; path = Reciplease.app; sourceTree = BUILT_PRODUCTS_DIR; };
		8629C81726592783006669A1 /* AppDelegate.swift */ = {isa = PBXFileReference; lastKnownFileType = sourcecode.swift; path = AppDelegate.swift; sourceTree = "<group>"; };
		8629C81B26592783006669A1 /* SearchVC.swift */ = {isa = PBXFileReference; lastKnownFileType = sourcecode.swift; path = SearchVC.swift; sourceTree = "<group>"; };
		8629C82326592787006669A1 /* Assets.xcassets */ = {isa = PBXFileReference; lastKnownFileType = folder.assetcatalog; path = Assets.xcassets; sourceTree = "<group>"; };
		8629C82626592787006669A1 /* Base */ = {isa = PBXFileReference; lastKnownFileType = file.storyboard; name = Base; path = Base.lproj/LaunchScreen.storyboard; sourceTree = "<group>"; };
		8629C82826592787006669A1 /* Info.plist */ = {isa = PBXFileReference; lastKnownFileType = text.plist.xml; path = Info.plist; sourceTree = "<group>"; };
		8629C83226596D5A006669A1 /* Enumerations.swift */ = {isa = PBXFileReference; lastKnownFileType = sourcecode.swift; path = Enumerations.swift; sourceTree = "<group>"; };
		8629C83526598172006669A1 /* EmptyStateVC.swift */ = {isa = PBXFileReference; lastKnownFileType = sourcecode.swift; path = EmptyStateVC.swift; sourceTree = "<group>"; };
		8651C595265A8EB7008EE7FE /* BackgroundImage.swift */ = {isa = PBXFileReference; lastKnownFileType = sourcecode.swift; path = BackgroundImage.swift; sourceTree = "<group>"; };
		8651C597265A9D04008EE7FE /* RecipeCell.swift */ = {isa = PBXFileReference; lastKnownFileType = sourcecode.swift; path = RecipeCell.swift; sourceTree = "<group>"; };
		8651C59F265A9F4C008EE7FE /* TabBarController.swift */ = {isa = PBXFileReference; lastKnownFileType = sourcecode.swift; path = TabBarController.swift; sourceTree = "<group>"; };
		8651C5A1265AA1BA008EE7FE /* TableViewController.swift */ = {isa = PBXFileReference; lastKnownFileType = sourcecode.swift; path = TableViewController.swift; sourceTree = "<group>"; };
		8651C5A3265ABF6E008EE7FE /* InfoView.swift */ = {isa = PBXFileReference; lastKnownFileType = sourcecode.swift; path = InfoView.swift; sourceTree = "<group>"; };
		8651C5A5265ABF9D008EE7FE /* DetailsInfoView.swift */ = {isa = PBXFileReference; lastKnownFileType = sourcecode.swift; path = DetailsInfoView.swift; sourceTree = "<group>"; };
		86596EAA265F9761005A272F /* RecipeDetailsVC.swift */ = {isa = PBXFileReference; lastKnownFileType = sourcecode.swift; path = RecipeDetailsVC.swift; sourceTree = "<group>"; };
		86596EAC265F97C3005A272F /* RecipeDetailsImageView.swift */ = {isa = PBXFileReference; lastKnownFileType = sourcecode.swift; path = RecipeDetailsImageView.swift; sourceTree = "<group>"; };
		8663149B268652BD00862376 /* Recipe.swift */ = {isa = PBXFileReference; lastKnownFileType = sourcecode.swift; path = Recipe.swift; sourceTree = "<group>"; };
		8663149D268652CC00862376 /* CoreDataStack.swift */ = {isa = PBXFileReference; lastKnownFileType = sourcecode.swift; path = CoreDataStack.swift; sourceTree = "<group>"; };
		8663149F2686532900862376 /* Ingredients.swift */ = {isa = PBXFileReference; lastKnownFileType = sourcecode.swift; path = Ingredients.swift; sourceTree = "<group>"; };
		8665844A26849F0300A97EC9 /* FakeRecipe.json */ = {isa = PBXFileReference; lastKnownFileType = text.json; path = FakeRecipe.json; sourceTree = "<group>"; };
		868E534A265BA99E000C9402 /* Icon.swift */ = {isa = PBXFileReference; lastKnownFileType = sourcecode.swift; path = Icon.swift; sourceTree = "<group>"; };
		86A48E6A265FD07100D584FA /* FavoritesVC.swift */ = {isa = PBXFileReference; lastKnownFileType = sourcecode.swift; path = FavoritesVC.swift; sourceTree = "<group>"; };
		86A48E6F265FE91900D584FA /* SearchVC+Ext.swift */ = {isa = PBXFileReference; lastKnownFileType = sourcecode.swift; path = "SearchVC+Ext.swift"; sourceTree = "<group>"; };
		86A7974E266A7B9700B1E9BB /* UIViewController+Ext.swift */ = {isa = PBXFileReference; fileEncoding = 4; lastKnownFileType = sourcecode.swift; path = "UIViewController+Ext.swift"; sourceTree = "<group>"; };
		86A79750266A7BA700B1E9BB /* AlertVC.swift */ = {isa = PBXFileReference; fileEncoding = 4; lastKnownFileType = sourcecode.swift; path = AlertVC.swift; sourceTree = "<group>"; };
		86A79752266A7FC300B1E9BB /* Double+Ext.swift */ = {isa = PBXFileReference; fileEncoding = 4; lastKnownFileType = sourcecode.swift; path = "Double+Ext.swift"; sourceTree = "<group>"; };
		86DE493E26751060005EF8C2 /* RecipleaseTests.xctest */ = {isa = PBXFileReference; explicitFileType = wrapper.cfbundle; includeInIndex = 0; path = RecipleaseTests.xctest; sourceTree = BUILT_PRODUCTS_DIR; };
		86DE494226751060005EF8C2 /* Info.plist */ = {isa = PBXFileReference; lastKnownFileType = text.plist.xml; path = Info.plist; sourceTree = "<group>"; };
		86E48F29268720160013ACF6 /* AlamofireServiceTests.swift */ = {isa = PBXFileReference; lastKnownFileType = sourcecode.swift; path = AlamofireServiceTests.swift; sourceTree = "<group>"; };
		86E48F2B268721A00013ACF6 /* AlamofireService.swift */ = {isa = PBXFileReference; lastKnownFileType = sourcecode.swift; path = AlamofireService.swift; sourceTree = "<group>"; };
		86E48F2F2687226C0013ACF6 /* FakeAlamofireService.swift */ = {isa = PBXFileReference; lastKnownFileType = sourcecode.swift; path = FakeAlamofireService.swift; sourceTree = "<group>"; };
		86EB44E72661651F006C0BE2 /* RecipeService.swift */ = {isa = PBXFileReference; lastKnownFileType = sourcecode.swift; path = RecipeService.swift; sourceTree = "<group>"; };
		86EDDC7B265A7FC2004A8A03 /* Button.swift */ = {isa = PBXFileReference; lastKnownFileType = sourcecode.swift; path = Button.swift; sourceTree = "<group>"; };
		86EDDC7D265A82B3004A8A03 /* Label.swift */ = {isa = PBXFileReference; lastKnownFileType = sourcecode.swift; path = Label.swift; sourceTree = "<group>"; };
		86EDDC7F265A8475004A8A03 /* IngredientsTextField.swift */ = {isa = PBXFileReference; lastKnownFileType = sourcecode.swift; path = IngredientsTextField.swift; sourceTree = "<group>"; };
		86EDDC85265A8A89004A8A03 /* TextView.swift */ = {isa = PBXFileReference; lastKnownFileType = sourcecode.swift; path = TextView.swift; sourceTree = "<group>"; };
		86F1378D2673557E00C5B345 /* Reciplease.xcdatamodel */ = {isa = PBXFileReference; lastKnownFileType = wrapper.xcdatamodel; path = Reciplease.xcdatamodel; sourceTree = "<group>"; };
		86FEE1A9267275F600B67438 /* Error.swift */ = {isa = PBXFileReference; lastKnownFileType = sourcecode.swift; path = Error.swift; sourceTree = "<group>"; };
		BD6C7576B4722DAC99554100 /* Pods-Reciplease.release.xcconfig */ = {isa = PBXFileReference; includeInIndex = 1; lastKnownFileType = text.xcconfig; name = "Pods-Reciplease.release.xcconfig"; path = "Target Support Files/Pods-Reciplease/Pods-Reciplease.release.xcconfig"; sourceTree = "<group>"; };
		F1A20F978440D5F602274163 /* Pods_Reciplease.framework */ = {isa = PBXFileReference; explicitFileType = wrapper.framework; includeInIndex = 0; path = Pods_Reciplease.framework; sourceTree = BUILT_PRODUCTS_DIR; };
/* End PBXFileReference section */

/* Begin PBXFrameworksBuildPhase section */
		8629C81126592783006669A1 /* Frameworks */ = {
			isa = PBXFrameworksBuildPhase;
			buildActionMask = 2147483647;
			files = (
				59C3AF1360326FBB0A48C36D /* Pods_Reciplease.framework in Frameworks */,
			);
			runOnlyForDeploymentPostprocessing = 0;
		};
		86DE493B26751060005EF8C2 /* Frameworks */ = {
			isa = PBXFrameworksBuildPhase;
			buildActionMask = 2147483647;
			files = (
			);
			runOnlyForDeploymentPostprocessing = 0;
		};
/* End PBXFrameworksBuildPhase section */

/* Begin PBXGroup section */
		0C6E168622AAAE230DFC3B7B /* Frameworks */ = {
			isa = PBXGroup;
			children = (
				F1A20F978440D5F602274163 /* Pods_Reciplease.framework */,
			);
			name = Frameworks;
			sourceTree = "<group>";
		};
		7DC22F5A0221CD5CD2B8AF9A /* Pods */ = {
			isa = PBXGroup;
			children = (
				22E48F98C80BECAC1354E19C /* Pods-Reciplease.debug.xcconfig */,
				BD6C7576B4722DAC99554100 /* Pods-Reciplease.release.xcconfig */,
			);
			path = Pods;
			sourceTree = "<group>";
		};
		860A8DFE2686556A00D624E1 /* CoreData */ = {
			isa = PBXGroup;
			children = (
				860A8E012686562400D624E1 /* CoreDataTests.swift */,
				860A8DFF2686557E00D624E1 /* FakeCoreDataStack.swift */,
				860A8E052686599400D624E1 /* FakeRecipeData.swift */,
			);
			path = CoreData;
			sourceTree = "<group>";
		};
		8629C80B26592783006669A1 = {
			isa = PBXGroup;
			children = (
				8629C81626592783006669A1 /* Reciplease */,
				86DE493F26751060005EF8C2 /* RecipleaseTests */,
				8629C81526592783006669A1 /* Products */,
				7DC22F5A0221CD5CD2B8AF9A /* Pods */,
				0C6E168622AAAE230DFC3B7B /* Frameworks */,
			);
			sourceTree = "<group>";
		};
		8629C81526592783006669A1 /* Products */ = {
			isa = PBXGroup;
			children = (
				8629C81426592783006669A1 /* Reciplease.app */,
				86DE493E26751060005EF8C2 /* RecipleaseTests.xctest */,
			);
			name = Products;
			sourceTree = "<group>";
		};
		8629C81626592783006669A1 /* Reciplease */ = {
			isa = PBXGroup;
			children = (
				8629C831265927B0006669A1 /* Model */,
				8629C830265927A7006669A1 /* View */,
				8629C82F2659279C006669A1 /* Controller */,
				8629C83426597F2D006669A1 /* Utils */,
				8629C82E26592795006669A1 /* Support */,
				8629C82826592787006669A1 /* Info.plist */,
			);
			path = Reciplease;
			sourceTree = "<group>";
		};
		8629C82E26592795006669A1 /* Support */ = {
			isa = PBXGroup;
			children = (
				8629C81726592783006669A1 /* AppDelegate.swift */,
				8629C82326592787006669A1 /* Assets.xcassets */,
				8629C82526592787006669A1 /* LaunchScreen.storyboard */,
			);
			path = Support;
			sourceTree = "<group>";
		};
		8629C82F2659279C006669A1 /* Controller */ = {
			isa = PBXGroup;
			children = (
				86A48E77265FF80900D584FA /* Main Controllers */,
				86A48E78265FF82800D584FA /* Modal Controllers */,
				8629C83526598172006669A1 /* EmptyStateVC.swift */,
				8651C5A1265AA1BA008EE7FE /* TableViewController.swift */,
			);
			path = Controller;
			sourceTree = "<group>";
		};
		8629C830265927A7006669A1 /* View */ = {
			isa = PBXGroup;
			children = (
				86A48E74265FF79800D584FA /* Simple Elements */,
				86A48E73265FF78800D584FA /* Table View Cell */,
				86A48E75265FF7BB00D584FA /* Custom Elements */,
			);
			path = View;
			sourceTree = "<group>";
		};
		8629C831265927B0006669A1 /* Model */ = {
			isa = PBXGroup;
			children = (
				86E48F2E268721D30013ACF6 /* Data */,
				86E48F2D268721C70013ACF6 /* Services */,
			);
			path = Model;
			sourceTree = "<group>";
		};
		8629C83426597F2D006669A1 /* Utils */ = {
			isa = PBXGroup;
			children = (
				8629C83226596D5A006669A1 /* Enumerations.swift */,
				86A79754266A7FC800B1E9BB /* Extensions */,
				86FEE1A9267275F600B67438 /* Error.swift */,
			);
			path = Utils;
			sourceTree = "<group>";
		};
		86A48E6E265FE90900D584FA /* SearchVC */ = {
			isa = PBXGroup;
			children = (
				8629C81B26592783006669A1 /* SearchVC.swift */,
				86A48E6F265FE91900D584FA /* SearchVC+Ext.swift */,
			);
			path = SearchVC;
			sourceTree = "<group>";
		};
		86A48E73265FF78800D584FA /* Table View Cell */ = {
			isa = PBXGroup;
			children = (
				8651C597265A9D04008EE7FE /* RecipeCell.swift */,
			);
			path = "Table View Cell";
			sourceTree = "<group>";
		};
		86A48E74265FF79800D584FA /* Simple Elements */ = {
			isa = PBXGroup;
			children = (
				86A48E76265FF7EB00D584FA /* Images */,
				86EDDC7B265A7FC2004A8A03 /* Button.swift */,
				86EDDC7D265A82B3004A8A03 /* Label.swift */,
				86EDDC7F265A8475004A8A03 /* IngredientsTextField.swift */,
				86EDDC85265A8A89004A8A03 /* TextView.swift */,
			);
			path = "Simple Elements";
			sourceTree = "<group>";
		};
		86A48E75265FF7BB00D584FA /* Custom Elements */ = {
			isa = PBXGroup;
			children = (
				8651C5A3265ABF6E008EE7FE /* InfoView.swift */,
				8651C5A5265ABF9D008EE7FE /* DetailsInfoView.swift */,
				86596EAC265F97C3005A272F /* RecipeDetailsImageView.swift */,
			);
			path = "Custom Elements";
			sourceTree = "<group>";
		};
		86A48E76265FF7EB00D584FA /* Images */ = {
			isa = PBXGroup;
			children = (
				868E534A265BA99E000C9402 /* Icon.swift */,
				8651C595265A8EB7008EE7FE /* BackgroundImage.swift */,
			);
			path = Images;
			sourceTree = "<group>";
		};
		86A48E77265FF80900D584FA /* Main Controllers */ = {
			isa = PBXGroup;
			children = (
				8651C59F265A9F4C008EE7FE /* TabBarController.swift */,
				86A48E6E265FE90900D584FA /* SearchVC */,
				86A48E6A265FD07100D584FA /* FavoritesVC.swift */,
			);
			path = "Main Controllers";
			sourceTree = "<group>";
		};
		86A48E78265FF82800D584FA /* Modal Controllers */ = {
			isa = PBXGroup;
			children = (
				86596EAA265F9761005A272F /* RecipeDetailsVC.swift */,
			);
			path = "Modal Controllers";
			sourceTree = "<group>";
		};
		86A79754266A7FC800B1E9BB /* Extensions */ = {
			isa = PBXGroup;
			children = (
				86A7974E266A7B9700B1E9BB /* UIViewController+Ext.swift */,
				86A79750266A7BA700B1E9BB /* AlertVC.swift */,
				86A79752266A7FC300B1E9BB /* Double+Ext.swift */,
			);
			path = Extensions;
			sourceTree = "<group>";
		};
		86DE493F26751060005EF8C2 /* RecipleaseTests */ = {
			isa = PBXGroup;
			children = (
				86E48F2726871FF60013ACF6 /* Alamofire */,
				860A8DFE2686556A00D624E1 /* CoreData */,
				86DE494226751060005EF8C2 /* Info.plist */,
			);
			path = RecipleaseTests;
			sourceTree = "<group>";
		};
		86E48F2726871FF60013ACF6 /* Alamofire */ = {
			isa = PBXGroup;
			children = (
				8665844A26849F0300A97EC9 /* FakeRecipe.json */,
				86E48F29268720160013ACF6 /* AlamofireServiceTests.swift */,
				86E48F2F2687226C0013ACF6 /* FakeAlamofireService.swift */,
			);
			path = Alamofire;
			sourceTree = "<group>";
		};
		86E48F2D268721C70013ACF6 /* Services */ = {
			isa = PBXGroup;
			children = (
				86EB44E72661651F006C0BE2 /* RecipeService.swift */,
				8663149D268652CC00862376 /* CoreDataStack.swift */,
				86E48F2B268721A00013ACF6 /* AlamofireService.swift */,
			);
			path = Services;
			sourceTree = "<group>";
		};
		86E48F2E268721D30013ACF6 /* Data */ = {
			isa = PBXGroup;
			children = (
				86F1378C2673557E00C5B345 /* Reciplease.xcdatamodeld */,
				8663149B268652BD00862376 /* Recipe.swift */,
				8663149F2686532900862376 /* Ingredients.swift */,
			);
			path = Data;
			sourceTree = "<group>";
		};
/* End PBXGroup section */

/* Begin PBXNativeTarget section */
		8629C81326592783006669A1 /* Reciplease */ = {
			isa = PBXNativeTarget;
			buildConfigurationList = 8629C82B26592787006669A1 /* Build configuration list for PBXNativeTarget "Reciplease" */;
			buildPhases = (
				C5221A9074233B636E579A98 /* [CP] Check Pods Manifest.lock */,
				8629C81026592783006669A1 /* Sources */,
				8629C81126592783006669A1 /* Frameworks */,
				8629C81226592783006669A1 /* Resources */,
				230267E1DC6C54BF3C61B226 /* [CP] Embed Pods Frameworks */,
			);
			buildRules = (
			);
			dependencies = (
			);
			name = Reciplease;
			productName = Reciplease;
			productReference = 8629C81426592783006669A1 /* Reciplease.app */;
			productType = "com.apple.product-type.application";
		};
		86DE493D26751060005EF8C2 /* RecipleaseTests */ = {
			isa = PBXNativeTarget;
			buildConfigurationList = 86DE494526751060005EF8C2 /* Build configuration list for PBXNativeTarget "RecipleaseTests" */;
			buildPhases = (
				86DE493A26751060005EF8C2 /* Sources */,
				86DE493B26751060005EF8C2 /* Frameworks */,
				86DE493C26751060005EF8C2 /* Resources */,
			);
			buildRules = (
			);
			dependencies = (
				86DE494426751060005EF8C2 /* PBXTargetDependency */,
			);
			name = RecipleaseTests;
			productName = RecipleaseTests;
			productReference = 86DE493E26751060005EF8C2 /* RecipleaseTests.xctest */;
			productType = "com.apple.product-type.bundle.unit-test";
		};
/* End PBXNativeTarget section */

/* Begin PBXProject section */
		8629C80C26592783006669A1 /* Project object */ = {
			isa = PBXProject;
			attributes = {
				LastSwiftUpdateCheck = 1250;
				LastUpgradeCheck = 1250;
				TargetAttributes = {
					8629C81326592783006669A1 = {
						CreatedOnToolsVersion = 12.5;
					};
					86DE493D26751060005EF8C2 = {
						CreatedOnToolsVersion = 12.5;
						LastSwiftMigration = 1250;
						TestTargetID = 8629C81326592783006669A1;
					};
				};
			};
			buildConfigurationList = 8629C80F26592783006669A1 /* Build configuration list for PBXProject "Reciplease" */;
			compatibilityVersion = "Xcode 9.3";
			developmentRegion = en;
			hasScannedForEncodings = 0;
			knownRegions = (
				en,
				Base,
			);
			mainGroup = 8629C80B26592783006669A1;
			productRefGroup = 8629C81526592783006669A1 /* Products */;
			projectDirPath = "";
			projectRoot = "";
			targets = (
				8629C81326592783006669A1 /* Reciplease */,
				86DE493D26751060005EF8C2 /* RecipleaseTests */,
			);
		};
/* End PBXProject section */

/* Begin PBXResourcesBuildPhase section */
		8629C81226592783006669A1 /* Resources */ = {
			isa = PBXResourcesBuildPhase;
			buildActionMask = 2147483647;
			files = (
				8629C82726592787006669A1 /* LaunchScreen.storyboard in Resources */,
				8629C82426592787006669A1 /* Assets.xcassets in Resources */,
			);
			runOnlyForDeploymentPostprocessing = 0;
		};
		86DE493C26751060005EF8C2 /* Resources */ = {
			isa = PBXResourcesBuildPhase;
			buildActionMask = 2147483647;
			files = (
				8665844B26849F0300A97EC9 /* FakeRecipe.json in Resources */,
			);
			runOnlyForDeploymentPostprocessing = 0;
		};
/* End PBXResourcesBuildPhase section */

/* Begin PBXShellScriptBuildPhase section */
		230267E1DC6C54BF3C61B226 /* [CP] Embed Pods Frameworks */ = {
			isa = PBXShellScriptBuildPhase;
			buildActionMask = 2147483647;
			files = (
			);
			inputFileListPaths = (
				"${PODS_ROOT}/Target Support Files/Pods-Reciplease/Pods-Reciplease-frameworks-${CONFIGURATION}-input-files.xcfilelist",
			);
			name = "[CP] Embed Pods Frameworks";
			outputFileListPaths = (
				"${PODS_ROOT}/Target Support Files/Pods-Reciplease/Pods-Reciplease-frameworks-${CONFIGURATION}-output-files.xcfilelist",
			);
			runOnlyForDeploymentPostprocessing = 0;
			shellPath = /bin/sh;
			shellScript = "\"${PODS_ROOT}/Target Support Files/Pods-Reciplease/Pods-Reciplease-frameworks.sh\"\n";
			showEnvVarsInLog = 0;
		};
		C5221A9074233B636E579A98 /* [CP] Check Pods Manifest.lock */ = {
			isa = PBXShellScriptBuildPhase;
			buildActionMask = 2147483647;
			files = (
			);
			inputFileListPaths = (
			);
			inputPaths = (
				"${PODS_PODFILE_DIR_PATH}/Podfile.lock",
				"${PODS_ROOT}/Manifest.lock",
			);
			name = "[CP] Check Pods Manifest.lock";
			outputFileListPaths = (
			);
			outputPaths = (
				"$(DERIVED_FILE_DIR)/Pods-Reciplease-checkManifestLockResult.txt",
			);
			runOnlyForDeploymentPostprocessing = 0;
			shellPath = /bin/sh;
			shellScript = "diff \"${PODS_PODFILE_DIR_PATH}/Podfile.lock\" \"${PODS_ROOT}/Manifest.lock\" > /dev/null\nif [ $? != 0 ] ; then\n    # print error to STDERR\n    echo \"error: The sandbox is not in sync with the Podfile.lock. Run 'pod install' or update your CocoaPods installation.\" >&2\n    exit 1\nfi\n# This output is used by Xcode 'outputs' to avoid re-running this script phase.\necho \"SUCCESS\" > \"${SCRIPT_OUTPUT_FILE_0}\"\n";
			showEnvVarsInLog = 0;
		};
/* End PBXShellScriptBuildPhase section */

/* Begin PBXSourcesBuildPhase section */
		8629C81026592783006669A1 /* Sources */ = {
			isa = PBXSourcesBuildPhase;
			buildActionMask = 2147483647;
			files = (
				86A48E70265FE91900D584FA /* SearchVC+Ext.swift in Sources */,
				8629C83626598172006669A1 /* EmptyStateVC.swift in Sources */,
				8651C5A0265A9F4C008EE7FE /* TabBarController.swift in Sources */,
				86F1378E2673557E00C5B345 /* Reciplease.xcdatamodeld in Sources */,
				8651C5A2265AA1BA008EE7FE /* TableViewController.swift in Sources */,
				86A79753266A7FC300B1E9BB /* Double+Ext.swift in Sources */,
				8651C598265A9D04008EE7FE /* RecipeCell.swift in Sources */,
				86FEE1AA267275F600B67438 /* Error.swift in Sources */,
				86A7974F266A7B9700B1E9BB /* UIViewController+Ext.swift in Sources */,
				86596EAD265F97C3005A272F /* RecipeDetailsImageView.swift in Sources */,
				86EB44E82661651F006C0BE2 /* RecipeService.swift in Sources */,
				86A79751266A7BA700B1E9BB /* AlertVC.swift in Sources */,
				8629C81C26592783006669A1 /* SearchVC.swift in Sources */,
				8651C5A6265ABF9D008EE7FE /* DetailsInfoView.swift in Sources */,
				8651C5A4265ABF6E008EE7FE /* InfoView.swift in Sources */,
				8629C83326596D5A006669A1 /* Enumerations.swift in Sources */,
				86A48E6B265FD07100D584FA /* FavoritesVC.swift in Sources */,
				86EDDC80265A8475004A8A03 /* IngredientsTextField.swift in Sources */,
				86EDDC7E265A82B3004A8A03 /* Label.swift in Sources */,
				86EDDC7C265A7FC2004A8A03 /* Button.swift in Sources */,
				866314A02686532900862376 /* Ingredients.swift in Sources */,
				8629C81826592783006669A1 /* AppDelegate.swift in Sources */,
				86EDDC86265A8A89004A8A03 /* TextView.swift in Sources */,
				868E534B265BA99E000C9402 /* Icon.swift in Sources */,
				86596EAB265F9761005A272F /* RecipeDetailsVC.swift in Sources */,
				8651C596265A8EB7008EE7FE /* BackgroundImage.swift in Sources */,
				8663149C268652BD00862376 /* Recipe.swift in Sources */,
				86E48F2C268721A00013ACF6 /* AlamofireService.swift in Sources */,
				8663149E268652CC00862376 /* CoreDataStack.swift in Sources */,
			);
			runOnlyForDeploymentPostprocessing = 0;
		};
		86DE493A26751060005EF8C2 /* Sources */ = {
			isa = PBXSourcesBuildPhase;
			buildActionMask = 2147483647;
			files = (
				860A8E062686599400D624E1 /* FakeRecipeData.swift in Sources */,
				86E48F302687226C0013ACF6 /* FakeAlamofireService.swift in Sources */,
				860A8E002686557E00D624E1 /* FakeCoreDataStack.swift in Sources */,
				86E48F2A268720160013ACF6 /* AlamofireServiceTests.swift in Sources */,
				860A8E022686562400D624E1 /* CoreDataTests.swift in Sources */,
			);
			runOnlyForDeploymentPostprocessing = 0;
		};
/* End PBXSourcesBuildPhase section */

/* Begin PBXTargetDependency section */
		86DE494426751060005EF8C2 /* PBXTargetDependency */ = {
			isa = PBXTargetDependency;
			target = 8629C81326592783006669A1 /* Reciplease */;
			targetProxy = 86DE494326751060005EF8C2 /* PBXContainerItemProxy */;
		};
/* End PBXTargetDependency section */

/* Begin PBXVariantGroup section */
		8629C82526592787006669A1 /* LaunchScreen.storyboard */ = {
			isa = PBXVariantGroup;
			children = (
				8629C82626592787006669A1 /* Base */,
			);
			name = LaunchScreen.storyboard;
			sourceTree = "<group>";
		};
/* End PBXVariantGroup section */

/* Begin XCBuildConfiguration section */
		8629C82926592787006669A1 /* Debug */ = {
			isa = XCBuildConfiguration;
			buildSettings = {
				ALWAYS_SEARCH_USER_PATHS = NO;
				CLANG_ANALYZER_NONNULL = YES;
				CLANG_ANALYZER_NUMBER_OBJECT_CONVERSION = YES_AGGRESSIVE;
				CLANG_CXX_LANGUAGE_STANDARD = "gnu++14";
				CLANG_CXX_LIBRARY = "libc++";
				CLANG_ENABLE_MODULES = YES;
				CLANG_ENABLE_OBJC_ARC = YES;
				CLANG_ENABLE_OBJC_WEAK = YES;
				CLANG_WARN_BLOCK_CAPTURE_AUTORELEASING = YES;
				CLANG_WARN_BOOL_CONVERSION = YES;
				CLANG_WARN_COMMA = YES;
				CLANG_WARN_CONSTANT_CONVERSION = YES;
				CLANG_WARN_DEPRECATED_OBJC_IMPLEMENTATIONS = YES;
				CLANG_WARN_DIRECT_OBJC_ISA_USAGE = YES_ERROR;
				CLANG_WARN_DOCUMENTATION_COMMENTS = YES;
				CLANG_WARN_EMPTY_BODY = YES;
				CLANG_WARN_ENUM_CONVERSION = YES;
				CLANG_WARN_INFINITE_RECURSION = YES;
				CLANG_WARN_INT_CONVERSION = YES;
				CLANG_WARN_NON_LITERAL_NULL_CONVERSION = YES;
				CLANG_WARN_OBJC_IMPLICIT_RETAIN_SELF = YES;
				CLANG_WARN_OBJC_LITERAL_CONVERSION = YES;
				CLANG_WARN_OBJC_ROOT_CLASS = YES_ERROR;
				CLANG_WARN_QUOTED_INCLUDE_IN_FRAMEWORK_HEADER = YES;
				CLANG_WARN_RANGE_LOOP_ANALYSIS = YES;
				CLANG_WARN_STRICT_PROTOTYPES = YES;
				CLANG_WARN_SUSPICIOUS_MOVE = YES;
				CLANG_WARN_UNGUARDED_AVAILABILITY = YES_AGGRESSIVE;
				CLANG_WARN_UNREACHABLE_CODE = YES;
				CLANG_WARN__DUPLICATE_METHOD_MATCH = YES;
				COPY_PHASE_STRIP = NO;
				DEBUG_INFORMATION_FORMAT = dwarf;
				ENABLE_STRICT_OBJC_MSGSEND = YES;
				ENABLE_TESTABILITY = YES;
				GCC_C_LANGUAGE_STANDARD = gnu11;
				GCC_DYNAMIC_NO_PIC = NO;
				GCC_NO_COMMON_BLOCKS = YES;
				GCC_OPTIMIZATION_LEVEL = 0;
				GCC_PREPROCESSOR_DEFINITIONS = (
					"DEBUG=1",
					"$(inherited)",
				);
				GCC_WARN_64_TO_32_BIT_CONVERSION = YES;
				GCC_WARN_ABOUT_RETURN_TYPE = YES_ERROR;
				GCC_WARN_UNDECLARED_SELECTOR = YES;
				GCC_WARN_UNINITIALIZED_AUTOS = YES_AGGRESSIVE;
				GCC_WARN_UNUSED_FUNCTION = YES;
				GCC_WARN_UNUSED_VARIABLE = YES;
				IPHONEOS_DEPLOYMENT_TARGET = 12.0;
				MTL_ENABLE_DEBUG_INFO = INCLUDE_SOURCE;
				MTL_FAST_MATH = YES;
				ONLY_ACTIVE_ARCH = YES;
				SDKROOT = iphoneos;
				SWIFT_ACTIVE_COMPILATION_CONDITIONS = DEBUG;
				SWIFT_OPTIMIZATION_LEVEL = "-Onone";
			};
			name = Debug;
		};
		8629C82A26592787006669A1 /* Release */ = {
			isa = XCBuildConfiguration;
			buildSettings = {
				ALWAYS_SEARCH_USER_PATHS = NO;
				CLANG_ANALYZER_NONNULL = YES;
				CLANG_ANALYZER_NUMBER_OBJECT_CONVERSION = YES_AGGRESSIVE;
				CLANG_CXX_LANGUAGE_STANDARD = "gnu++14";
				CLANG_CXX_LIBRARY = "libc++";
				CLANG_ENABLE_MODULES = YES;
				CLANG_ENABLE_OBJC_ARC = YES;
				CLANG_ENABLE_OBJC_WEAK = YES;
				CLANG_WARN_BLOCK_CAPTURE_AUTORELEASING = YES;
				CLANG_WARN_BOOL_CONVERSION = YES;
				CLANG_WARN_COMMA = YES;
				CLANG_WARN_CONSTANT_CONVERSION = YES;
				CLANG_WARN_DEPRECATED_OBJC_IMPLEMENTATIONS = YES;
				CLANG_WARN_DIRECT_OBJC_ISA_USAGE = YES_ERROR;
				CLANG_WARN_DOCUMENTATION_COMMENTS = YES;
				CLANG_WARN_EMPTY_BODY = YES;
				CLANG_WARN_ENUM_CONVERSION = YES;
				CLANG_WARN_INFINITE_RECURSION = YES;
				CLANG_WARN_INT_CONVERSION = YES;
				CLANG_WARN_NON_LITERAL_NULL_CONVERSION = YES;
				CLANG_WARN_OBJC_IMPLICIT_RETAIN_SELF = YES;
				CLANG_WARN_OBJC_LITERAL_CONVERSION = YES;
				CLANG_WARN_OBJC_ROOT_CLASS = YES_ERROR;
				CLANG_WARN_QUOTED_INCLUDE_IN_FRAMEWORK_HEADER = YES;
				CLANG_WARN_RANGE_LOOP_ANALYSIS = YES;
				CLANG_WARN_STRICT_PROTOTYPES = YES;
				CLANG_WARN_SUSPICIOUS_MOVE = YES;
				CLANG_WARN_UNGUARDED_AVAILABILITY = YES_AGGRESSIVE;
				CLANG_WARN_UNREACHABLE_CODE = YES;
				CLANG_WARN__DUPLICATE_METHOD_MATCH = YES;
				COPY_PHASE_STRIP = NO;
				DEBUG_INFORMATION_FORMAT = "dwarf-with-dsym";
				ENABLE_NS_ASSERTIONS = NO;
				ENABLE_STRICT_OBJC_MSGSEND = YES;
				GCC_C_LANGUAGE_STANDARD = gnu11;
				GCC_NO_COMMON_BLOCKS = YES;
				GCC_WARN_64_TO_32_BIT_CONVERSION = YES;
				GCC_WARN_ABOUT_RETURN_TYPE = YES_ERROR;
				GCC_WARN_UNDECLARED_SELECTOR = YES;
				GCC_WARN_UNINITIALIZED_AUTOS = YES_AGGRESSIVE;
				GCC_WARN_UNUSED_FUNCTION = YES;
				GCC_WARN_UNUSED_VARIABLE = YES;
				IPHONEOS_DEPLOYMENT_TARGET = 12.0;
				MTL_ENABLE_DEBUG_INFO = NO;
				MTL_FAST_MATH = YES;
				SDKROOT = iphoneos;
				SWIFT_COMPILATION_MODE = wholemodule;
				SWIFT_OPTIMIZATION_LEVEL = "-O";
				VALIDATE_PRODUCT = YES;
			};
			name = Release;
		};
		8629C82C26592787006669A1 /* Debug */ = {
			isa = XCBuildConfiguration;
			baseConfigurationReference = 22E48F98C80BECAC1354E19C /* Pods-Reciplease.debug.xcconfig */;
			buildSettings = {
				ASSETCATALOG_COMPILER_APPICON_NAME = AppIcon;
				ASSETCATALOG_COMPILER_GLOBAL_ACCENT_COLOR_NAME = AccentColor;
				CODE_SIGN_STYLE = Automatic;
				DEVELOPMENT_TEAM = N96T5K2D2H;
				INFOPLIST_FILE = Reciplease/Info.plist;
				LD_RUNPATH_SEARCH_PATHS = (
					"$(inherited)",
					"@executable_path/Frameworks",
				);
				PRODUCT_BUNDLE_IDENTIFIER = oriapy.Reciplease;
				PRODUCT_NAME = "$(TARGET_NAME)";
				SWIFT_VERSION = 5.0;
				TARGETED_DEVICE_FAMILY = "1,2";
			};
			name = Debug;
		};
		8629C82D26592787006669A1 /* Release */ = {
			isa = XCBuildConfiguration;
			baseConfigurationReference = BD6C7576B4722DAC99554100 /* Pods-Reciplease.release.xcconfig */;
			buildSettings = {
				ASSETCATALOG_COMPILER_APPICON_NAME = AppIcon;
				ASSETCATALOG_COMPILER_GLOBAL_ACCENT_COLOR_NAME = AccentColor;
				CODE_SIGN_STYLE = Automatic;
				DEVELOPMENT_TEAM = N96T5K2D2H;
				INFOPLIST_FILE = Reciplease/Info.plist;
				LD_RUNPATH_SEARCH_PATHS = (
					"$(inherited)",
					"@executable_path/Frameworks",
				);
				PRODUCT_BUNDLE_IDENTIFIER = oriapy.Reciplease;
				PRODUCT_NAME = "$(TARGET_NAME)";
				SWIFT_VERSION = 5.0;
				TARGETED_DEVICE_FAMILY = "1,2";
			};
			name = Release;
		};
		86DE494626751060005EF8C2 /* Debug */ = {
			isa = XCBuildConfiguration;
			buildSettings = {
				BUNDLE_LOADER = "$(TEST_HOST)";
				CLANG_ENABLE_MODULES = YES;
				CODE_SIGN_STYLE = Automatic;
				DEVELOPMENT_TEAM = N96T5K2D2H;
				INFOPLIST_FILE = RecipleaseTests/Info.plist;
				IPHONEOS_DEPLOYMENT_TARGET = 14.5;
				LD_RUNPATH_SEARCH_PATHS = (
					"$(inherited)",
					"@executable_path/Frameworks",
					"@loader_path/Frameworks",
				);
				PRODUCT_BUNDLE_IDENTIFIER = oriapy.RecipleaseTests;
				PRODUCT_NAME = "$(TARGET_NAME)";
				SWIFT_OPTIMIZATION_LEVEL = "-Onone";
				SWIFT_VERSION = 5.0;
				TARGETED_DEVICE_FAMILY = "1,2";
				TEST_HOST = "$(BUILT_PRODUCTS_DIR)/Reciplease.app/Reciplease";
			};
			name = Debug;
		};
		86DE494726751060005EF8C2 /* Release */ = {
			isa = XCBuildConfiguration;
			buildSettings = {
				BUNDLE_LOADER = "$(TEST_HOST)";
				CLANG_ENABLE_MODULES = YES;
				CODE_SIGN_STYLE = Automatic;
				DEVELOPMENT_TEAM = N96T5K2D2H;
				INFOPLIST_FILE = RecipleaseTests/Info.plist;
				IPHONEOS_DEPLOYMENT_TARGET = 14.5;
				LD_RUNPATH_SEARCH_PATHS = (
					"$(inherited)",
					"@executable_path/Frameworks",
					"@loader_path/Frameworks",
				);
				PRODUCT_BUNDLE_IDENTIFIER = oriapy.RecipleaseTests;
				PRODUCT_NAME = "$(TARGET_NAME)";
				SWIFT_VERSION = 5.0;
				TARGETED_DEVICE_FAMILY = "1,2";
				TEST_HOST = "$(BUILT_PRODUCTS_DIR)/Reciplease.app/Reciplease";
			};
			name = Release;
		};
/* End XCBuildConfiguration section */

/* Begin XCConfigurationList section */
		8629C80F26592783006669A1 /* Build configuration list for PBXProject "Reciplease" */ = {
			isa = XCConfigurationList;
			buildConfigurations = (
				8629C82926592787006669A1 /* Debug */,
				8629C82A26592787006669A1 /* Release */,
			);
			defaultConfigurationIsVisible = 0;
			defaultConfigurationName = Release;
		};
		8629C82B26592787006669A1 /* Build configuration list for PBXNativeTarget "Reciplease" */ = {
			isa = XCConfigurationList;
			buildConfigurations = (
				8629C82C26592787006669A1 /* Debug */,
				8629C82D26592787006669A1 /* Release */,
			);
			defaultConfigurationIsVisible = 0;
			defaultConfigurationName = Release;
		};
		86DE494526751060005EF8C2 /* Build configuration list for PBXNativeTarget "RecipleaseTests" */ = {
			isa = XCConfigurationList;
			buildConfigurations = (
				86DE494626751060005EF8C2 /* Debug */,
				86DE494726751060005EF8C2 /* Release */,
			);
			defaultConfigurationIsVisible = 0;
			defaultConfigurationName = Release;
		};
/* End XCConfigurationList section */

/* Begin XCVersionGroup section */
		86F1378C2673557E00C5B345 /* Reciplease.xcdatamodeld */ = {
			isa = XCVersionGroup;
			children = (
				86F1378D2673557E00C5B345 /* Reciplease.xcdatamodel */,
			);
			currentVersion = 86F1378D2673557E00C5B345 /* Reciplease.xcdatamodel */;
			path = Reciplease.xcdatamodeld;
			sourceTree = "<group>";
			versionGroupType = wrapper.xcdatamodel;
		};
/* End XCVersionGroup section */
	};
	rootObject = 8629C80C26592783006669A1 /* Project object */;
}
