// !$*UTF8*$!
{
	archiveVersion = 1;
	classes = {
	};
	objectVersion = 50;
	objects = {

/* Begin PBXBuildFile section */
		8629C81826592783006669A1 /* AppDelegate.swift in Sources */ = {isa = PBXBuildFile; fileRef = 8629C81726592783006669A1 /* AppDelegate.swift */; };
		8629C81C26592783006669A1 /* SearchVC.swift in Sources */ = {isa = PBXBuildFile; fileRef = 8629C81B26592783006669A1 /* SearchVC.swift */; };
		8629C82226592783006669A1 /* Reciplease.xcdatamodeld in Sources */ = {isa = PBXBuildFile; fileRef = 8629C82026592783006669A1 /* Reciplease.xcdatamodeld */; };
		8629C82426592787006669A1 /* Assets.xcassets in Resources */ = {isa = PBXBuildFile; fileRef = 8629C82326592787006669A1 /* Assets.xcassets */; };
		8629C82726592787006669A1 /* LaunchScreen.storyboard in Resources */ = {isa = PBXBuildFile; fileRef = 8629C82526592787006669A1 /* LaunchScreen.storyboard */; };
		8629C83326596D5A006669A1 /* Enumerations.swift in Sources */ = {isa = PBXBuildFile; fileRef = 8629C83226596D5A006669A1 /* Enumerations.swift */; };
		8629C83626598172006669A1 /* FavoritesVC.swift in Sources */ = {isa = PBXBuildFile; fileRef = 8629C83526598172006669A1 /* FavoritesVC.swift */; };
		8629C838265982A7006669A1 /* ScrollVC.swift in Sources */ = {isa = PBXBuildFile; fileRef = 8629C837265982A7006669A1 /* ScrollVC.swift */; };
/* End PBXBuildFile section */

/* Begin PBXFileReference section */
		8629C81426592783006669A1 /* Reciplease.app */ = {isa = PBXFileReference; explicitFileType = wrapper.application; includeInIndex = 0; path = Reciplease.app; sourceTree = BUILT_PRODUCTS_DIR; };
		8629C81726592783006669A1 /* AppDelegate.swift */ = {isa = PBXFileReference; lastKnownFileType = sourcecode.swift; path = AppDelegate.swift; sourceTree = "<group>"; };
		8629C81B26592783006669A1 /* SearchVC.swift */ = {isa = PBXFileReference; lastKnownFileType = sourcecode.swift; path = SearchVC.swift; sourceTree = "<group>"; };
		8629C82126592783006669A1 /* Reciplease.xcdatamodel */ = {isa = PBXFileReference; lastKnownFileType = wrapper.xcdatamodel; path = Reciplease.xcdatamodel; sourceTree = "<group>"; };
		8629C82326592787006669A1 /* Assets.xcassets */ = {isa = PBXFileReference; lastKnownFileType = folder.assetcatalog; path = Assets.xcassets; sourceTree = "<group>"; };
		8629C82626592787006669A1 /* Base */ = {isa = PBXFileReference; lastKnownFileType = file.storyboard; name = Base; path = Base.lproj/LaunchScreen.storyboard; sourceTree = "<group>"; };
		8629C82826592787006669A1 /* Info.plist */ = {isa = PBXFileReference; lastKnownFileType = text.plist.xml; path = Info.plist; sourceTree = "<group>"; };
		8629C83226596D5A006669A1 /* Enumerations.swift */ = {isa = PBXFileReference; lastKnownFileType = sourcecode.swift; path = Enumerations.swift; sourceTree = "<group>"; };
		8629C83526598172006669A1 /* FavoritesVC.swift */ = {isa = PBXFileReference; lastKnownFileType = sourcecode.swift; path = FavoritesVC.swift; sourceTree = "<group>"; };
		8629C837265982A7006669A1 /* ScrollVC.swift */ = {isa = PBXFileReference; lastKnownFileType = sourcecode.swift; path = ScrollVC.swift; sourceTree = "<group>"; };
/* End PBXFileReference section */

/* Begin PBXFrameworksBuildPhase section */
		8629C81126592783006669A1 /* Frameworks */ = {
			isa = PBXFrameworksBuildPhase;
			buildActionMask = 2147483647;
			files = (
			);
			runOnlyForDeploymentPostprocessing = 0;
		};
/* End PBXFrameworksBuildPhase section */

/* Begin PBXGroup section */
		8629C80B26592783006669A1 = {
			isa = PBXGroup;
			children = (
				8629C81626592783006669A1 /* Reciplease */,
				8629C81526592783006669A1 /* Products */,
			);
			sourceTree = "<group>";
		};
		8629C81526592783006669A1 /* Products */ = {
			isa = PBXGroup;
			children = (
				8629C81426592783006669A1 /* Reciplease.app */,
			);
			name = Products;
			sourceTree = "<group>";
		};
		8629C81626592783006669A1 /* Reciplease */ = {
			isa = PBXGroup;
			children = (
				8629C831265927B0006669A1 /* Model */,
				8629C830265927A7006669A1 /* View */,
				8629C82F2659279C006669A1 /* Controller */,
				8629C83426597F2D006669A1 /* Utils */,
				8629C82E26592795006669A1 /* Support */,
				8629C82826592787006669A1 /* Info.plist */,
			);
			path = Reciplease;
			sourceTree = "<group>";
		};
		8629C82E26592795006669A1 /* Support */ = {
			isa = PBXGroup;
			children = (
				8629C81726592783006669A1 /* AppDelegate.swift */,
				8629C82326592787006669A1 /* Assets.xcassets */,
				8629C82526592787006669A1 /* LaunchScreen.storyboard */,
			);
			path = Support;
			sourceTree = "<group>";
		};
		8629C82F2659279C006669A1 /* Controller */ = {
			isa = PBXGroup;
			children = (
				8629C81B26592783006669A1 /* SearchVC.swift */,
				8629C83526598172006669A1 /* FavoritesVC.swift */,
				8629C837265982A7006669A1 /* ScrollVC.swift */,
			);
			path = Controller;
			sourceTree = "<group>";
		};
		8629C830265927A7006669A1 /* View */ = {
			isa = PBXGroup;
			children = (
			);
			path = View;
			sourceTree = "<group>";
		};
		8629C831265927B0006669A1 /* Model */ = {
			isa = PBXGroup;
			children = (
				8629C82026592783006669A1 /* Reciplease.xcdatamodeld */,
			);
			path = Model;
			sourceTree = "<group>";
		};
		8629C83426597F2D006669A1 /* Utils */ = {
			isa = PBXGroup;
			children = (
				8629C83226596D5A006669A1 /* Enumerations.swift */,
			);
			path = Utils;
			sourceTree = "<group>";
		};
/* End PBXGroup section */

/* Begin PBXNativeTarget section */
		8629C81326592783006669A1 /* Reciplease */ = {
			isa = PBXNativeTarget;
			buildConfigurationList = 8629C82B26592787006669A1 /* Build configuration list for PBXNativeTarget "Reciplease" */;
			buildPhases = (
				8629C81026592783006669A1 /* Sources */,
				8629C81126592783006669A1 /* Frameworks */,
				8629C81226592783006669A1 /* Resources */,
			);
			buildRules = (
			);
			dependencies = (
			);
			name = Reciplease;
			productName = Reciplease;
			productReference = 8629C81426592783006669A1 /* Reciplease.app */;
			productType = "com.apple.product-type.application";
		};
/* End PBXNativeTarget section */

/* Begin PBXProject section */
		8629C80C26592783006669A1 /* Project object */ = {
			isa = PBXProject;
			attributes = {
				LastSwiftUpdateCheck = 1250;
				LastUpgradeCheck = 1250;
				TargetAttributes = {
					8629C81326592783006669A1 = {
						CreatedOnToolsVersion = 12.5;
					};
				};
			};
			buildConfigurationList = 8629C80F26592783006669A1 /* Build configuration list for PBXProject "Reciplease" */;
			compatibilityVersion = "Xcode 9.3";
			developmentRegion = en;
			hasScannedForEncodings = 0;
			knownRegions = (
				en,
				Base,
			);
			mainGroup = 8629C80B26592783006669A1;
			productRefGroup = 8629C81526592783006669A1 /* Products */;
			projectDirPath = "";
			projectRoot = "";
			targets = (
				8629C81326592783006669A1 /* Reciplease */,
			);
		};
/* End PBXProject section */

/* Begin PBXResourcesBuildPhase section */
		8629C81226592783006669A1 /* Resources */ = {
			isa = PBXResourcesBuildPhase;
			buildActionMask = 2147483647;
			files = (
				8629C82726592787006669A1 /* LaunchScreen.storyboard in Resources */,
				8629C82426592787006669A1 /* Assets.xcassets in Resources */,
			);
			runOnlyForDeploymentPostprocessing = 0;
		};
/* End PBXResourcesBuildPhase section */

/* Begin PBXSourcesBuildPhase section */
		8629C81026592783006669A1 /* Sources */ = {
			isa = PBXSourcesBuildPhase;
			buildActionMask = 2147483647;
			files = (
				8629C83626598172006669A1 /* FavoritesVC.swift in Sources */,
				8629C838265982A7006669A1 /* ScrollVC.swift in Sources */,
				8629C82226592783006669A1 /* Reciplease.xcdatamodeld in Sources */,
				8629C81C26592783006669A1 /* SearchVC.swift in Sources */,
				8629C83326596D5A006669A1 /* Enumerations.swift in Sources */,
				8629C81826592783006669A1 /* AppDelegate.swift in Sources */,
			);
			runOnlyForDeploymentPostprocessing = 0;
		};
/* End PBXSourcesBuildPhase section */

/* Begin PBXVariantGroup section */
		8629C82526592787006669A1 /* LaunchScreen.storyboard */ = {
			isa = PBXVariantGroup;
			children = (
				8629C82626592787006669A1 /* Base */,
			);
			name = LaunchScreen.storyboard;
			sourceTree = "<group>";
		};
/* End PBXVariantGroup section */

/* Begin XCBuildConfiguration section */
		8629C82926592787006669A1 /* Debug */ = {
			isa = XCBuildConfiguration;
			buildSettings = {
				ALWAYS_SEARCH_USER_PATHS = NO;
				CLANG_ANALYZER_NONNULL = YES;
				CLANG_ANALYZER_NUMBER_OBJECT_CONVERSION = YES_AGGRESSIVE;
				CLANG_CXX_LANGUAGE_STANDARD = "gnu++14";
				CLANG_CXX_LIBRARY = "libc++";
				CLANG_ENABLE_MODULES = YES;
				CLANG_ENABLE_OBJC_ARC = YES;
				CLANG_ENABLE_OBJC_WEAK = YES;
				CLANG_WARN_BLOCK_CAPTURE_AUTORELEASING = YES;
				CLANG_WARN_BOOL_CONVERSION = YES;
				CLANG_WARN_COMMA = YES;
				CLANG_WARN_CONSTANT_CONVERSION = YES;
				CLANG_WARN_DEPRECATED_OBJC_IMPLEMENTATIONS = YES;
				CLANG_WARN_DIRECT_OBJC_ISA_USAGE = YES_ERROR;
				CLANG_WARN_DOCUMENTATION_COMMENTS = YES;
				CLANG_WARN_EMPTY_BODY = YES;
				CLANG_WARN_ENUM_CONVERSION = YES;
				CLANG_WARN_INFINITE_RECURSION = YES;
				CLANG_WARN_INT_CONVERSION = YES;
				CLANG_WARN_NON_LITERAL_NULL_CONVERSION = YES;
				CLANG_WARN_OBJC_IMPLICIT_RETAIN_SELF = YES;
				CLANG_WARN_OBJC_LITERAL_CONVERSION = YES;
				CLANG_WARN_OBJC_ROOT_CLASS = YES_ERROR;
				CLANG_WARN_QUOTED_INCLUDE_IN_FRAMEWORK_HEADER = YES;
				CLANG_WARN_RANGE_LOOP_ANALYSIS = YES;
				CLANG_WARN_STRICT_PROTOTYPES = YES;
				CLANG_WARN_SUSPICIOUS_MOVE = YES;
				CLANG_WARN_UNGUARDED_AVAILABILITY = YES_AGGRESSIVE;
				CLANG_WARN_UNREACHABLE_CODE = YES;
				CLANG_WARN__DUPLICATE_METHOD_MATCH = YES;
				COPY_PHASE_STRIP = NO;
				DEBUG_INFORMATION_FORMAT = dwarf;
				ENABLE_STRICT_OBJC_MSGSEND = YES;
				ENABLE_TESTABILITY = YES;
				GCC_C_LANGUAGE_STANDARD = gnu11;
				GCC_DYNAMIC_NO_PIC = NO;
				GCC_NO_COMMON_BLOCKS = YES;
				GCC_OPTIMIZATION_LEVEL = 0;
				GCC_PREPROCESSOR_DEFINITIONS = (
					"DEBUG=1",
					"$(inherited)",
				);
				GCC_WARN_64_TO_32_BIT_CONVERSION = YES;
				GCC_WARN_ABOUT_RETURN_TYPE = YES_ERROR;
				GCC_WARN_UNDECLARED_SELECTOR = YES;
				GCC_WARN_UNINITIALIZED_AUTOS = YES_AGGRESSIVE;
				GCC_WARN_UNUSED_FUNCTION = YES;
				GCC_WARN_UNUSED_VARIABLE = YES;
				IPHONEOS_DEPLOYMENT_TARGET = 10.0;
				MTL_ENABLE_DEBUG_INFO = INCLUDE_SOURCE;
				MTL_FAST_MATH = YES;
				ONLY_ACTIVE_ARCH = YES;
				SDKROOT = iphoneos;
				SWIFT_ACTIVE_COMPILATION_CONDITIONS = DEBUG;
				SWIFT_OPTIMIZATION_LEVEL = "-Onone";
			};
			name = Debug;
		};
		8629C82A26592787006669A1 /* Release */ = {
			isa = XCBuildConfiguration;
			buildSettings = {
				ALWAYS_SEARCH_USER_PATHS = NO;
				CLANG_ANALYZER_NONNULL = YES;
				CLANG_ANALYZER_NUMBER_OBJECT_CONVERSION = YES_AGGRESSIVE;
				CLANG_CXX_LANGUAGE_STANDARD = "gnu++14";
				CLANG_CXX_LIBRARY = "libc++";
				CLANG_ENABLE_MODULES = YES;
				CLANG_ENABLE_OBJC_ARC = YES;
				CLANG_ENABLE_OBJC_WEAK = YES;
				CLANG_WARN_BLOCK_CAPTURE_AUTORELEASING = YES;
				CLANG_WARN_BOOL_CONVERSION = YES;
				CLANG_WARN_COMMA = YES;
				CLANG_WARN_CONSTANT_CONVERSION = YES;
				CLANG_WARN_DEPRECATED_OBJC_IMPLEMENTATIONS = YES;
				CLANG_WARN_DIRECT_OBJC_ISA_USAGE = YES_ERROR;
				CLANG_WARN_DOCUMENTATION_COMMENTS = YES;
				CLANG_WARN_EMPTY_BODY = YES;
				CLANG_WARN_ENUM_CONVERSION = YES;
				CLANG_WARN_INFINITE_RECURSION = YES;
				CLANG_WARN_INT_CONVERSION = YES;
				CLANG_WARN_NON_LITERAL_NULL_CONVERSION = YES;
				CLANG_WARN_OBJC_IMPLICIT_RETAIN_SELF = YES;
				CLANG_WARN_OBJC_LITERAL_CONVERSION = YES;
				CLANG_WARN_OBJC_ROOT_CLASS = YES_ERROR;
				CLANG_WARN_QUOTED_INCLUDE_IN_FRAMEWORK_HEADER = YES;
				CLANG_WARN_RANGE_LOOP_ANALYSIS = YES;
				CLANG_WARN_STRICT_PROTOTYPES = YES;
				CLANG_WARN_SUSPICIOUS_MOVE = YES;
				CLANG_WARN_UNGUARDED_AVAILABILITY = YES_AGGRESSIVE;
				CLANG_WARN_UNREACHABLE_CODE = YES;
				CLANG_WARN__DUPLICATE_METHOD_MATCH = YES;
				COPY_PHASE_STRIP = NO;
				DEBUG_INFORMATION_FORMAT = "dwarf-with-dsym";
				ENABLE_NS_ASSERTIONS = NO;
				ENABLE_STRICT_OBJC_MSGSEND = YES;
				GCC_C_LANGUAGE_STANDARD = gnu11;
				GCC_NO_COMMON_BLOCKS = YES;
				GCC_WARN_64_TO_32_BIT_CONVERSION = YES;
				GCC_WARN_ABOUT_RETURN_TYPE = YES_ERROR;
				GCC_WARN_UNDECLARED_SELECTOR = YES;
				GCC_WARN_UNINITIALIZED_AUTOS = YES_AGGRESSIVE;
				GCC_WARN_UNUSED_FUNCTION = YES;
				GCC_WARN_UNUSED_VARIABLE = YES;
				IPHONEOS_DEPLOYMENT_TARGET = 10.0;
				MTL_ENABLE_DEBUG_INFO = NO;
				MTL_FAST_MATH = YES;
				SDKROOT = iphoneos;
				SWIFT_COMPILATION_MODE = wholemodule;
				SWIFT_OPTIMIZATION_LEVEL = "-O";
				VALIDATE_PRODUCT = YES;
			};
			name = Release;
		};
		8629C82C26592787006669A1 /* Debug */ = {
			isa = XCBuildConfiguration;
			buildSettings = {
				ASSETCATALOG_COMPILER_APPICON_NAME = AppIcon;
				ASSETCATALOG_COMPILER_GLOBAL_ACCENT_COLOR_NAME = AccentColor;
				CODE_SIGN_STYLE = Automatic;
				DEVELOPMENT_TEAM = N96T5K2D2H;
				INFOPLIST_FILE = Reciplease/Info.plist;
				LD_RUNPATH_SEARCH_PATHS = (
					"$(inherited)",
					"@executable_path/Frameworks",
				);
				PRODUCT_BUNDLE_IDENTIFIER = oriapy.Reciplease;
				PRODUCT_NAME = "$(TARGET_NAME)";
				SWIFT_VERSION = 5.0;
				TARGETED_DEVICE_FAMILY = "1,2";
			};
			name = Debug;
		};
		8629C82D26592787006669A1 /* Release */ = {
			isa = XCBuildConfiguration;
			buildSettings = {
				ASSETCATALOG_COMPILER_APPICON_NAME = AppIcon;
				ASSETCATALOG_COMPILER_GLOBAL_ACCENT_COLOR_NAME = AccentColor;
				CODE_SIGN_STYLE = Automatic;
				DEVELOPMENT_TEAM = N96T5K2D2H;
				INFOPLIST_FILE = Reciplease/Info.plist;
				LD_RUNPATH_SEARCH_PATHS = (
					"$(inherited)",
					"@executable_path/Frameworks",
				);
				PRODUCT_BUNDLE_IDENTIFIER = oriapy.Reciplease;
				PRODUCT_NAME = "$(TARGET_NAME)";
				SWIFT_VERSION = 5.0;
				TARGETED_DEVICE_FAMILY = "1,2";
			};
			name = Release;
		};
/* End XCBuildConfiguration section */

/* Begin XCConfigurationList section */
		8629C80F26592783006669A1 /* Build configuration list for PBXProject "Reciplease" */ = {
			isa = XCConfigurationList;
			buildConfigurations = (
				8629C82926592787006669A1 /* Debug */,
				8629C82A26592787006669A1 /* Release */,
			);
			defaultConfigurationIsVisible = 0;
			defaultConfigurationName = Release;
		};
		8629C82B26592787006669A1 /* Build configuration list for PBXNativeTarget "Reciplease" */ = {
			isa = XCConfigurationList;
			buildConfigurations = (
				8629C82C26592787006669A1 /* Debug */,
				8629C82D26592787006669A1 /* Release */,
			);
			defaultConfigurationIsVisible = 0;
			defaultConfigurationName = Release;
		};
/* End XCConfigurationList section */

/* Begin XCVersionGroup section */
		8629C82026592783006669A1 /* Reciplease.xcdatamodeld */ = {
			isa = XCVersionGroup;
			children = (
				8629C82126592783006669A1 /* Reciplease.xcdatamodel */,
			);
			currentVersion = 8629C82126592783006669A1 /* Reciplease.xcdatamodel */;
			path = Reciplease.xcdatamodeld;
			sourceTree = "<group>";
			versionGroupType = wrapper.xcdatamodel;
		};
/* End XCVersionGroup section */
	};
	rootObject = 8629C80C26592783006669A1 /* Project object */;
}
